
Microsoft Visual Studio Solution File, Format Version 12.00
# Visual Studio Version 17
VisualStudioVersion = 17.6.33815.320
MinimumVisualStudioVersion = 10.0.40219.1
Project("{FAE04EC0-301F-11D3-BF4B-00C04F79EFBC}") = "Kurssss", "Kurssss\Kurssss.csproj", "{C3C1D750-EACC-465F-9E5D-FB08B7669307}"
EndProject
Global
	GlobalSection(SolutionConfigurationPlatforms) = preSolution
		Debug|Any CPU = Debug|Any CPU
		Release|Any CPU = Release|Any CPU
	EndGlobalSection
	GlobalSection(ProjectConfigurationPlatforms) = postSolution
		{C3C1D750-EACC-465F-9E5D-FB08B7669307}.Debug|Any CPU.ActiveCfg = Debug|Any CPU
		{C3C1D750-EACC-465F-9E5D-FB08B7669307}.Debug|Any CPU.Build.0 = Debug|Any CPU
		{C3C1D750-EACC-465F-9E5D-FB08B7669307}.Release|Any CPU.ActiveCfg = Release|Any CPU
		{C3C1D750-EACC-465F-9E5D-FB08B7669307}.Release|Any CPU.Build.0 = Release|Any CPU
	EndGlobalSection
	GlobalSection(SolutionProperties) = preSolution
		HideSolutionNode = FALSE
	EndGlobalSection
	GlobalSection(ExtensibilityGlobals) = postSolution
		SolutionGuid = {C564E7DA-3A5F-496C-A0E3-47D4587F8EFD}
	EndGlobalSection
EndGlobal
